
Microsoft Visual Studio Solution File, Format Version 12.00
# Visual Studio 14
VisualStudioVersion = 14.0.23107.0
MinimumVisualStudioVersion = 10.0.40219.1
Project("{FAE04EC0-301F-11D3-BF4B-00C04F79EFBC}") = "Moneybox.Web.Api", "Moneybox.Web.Api\Moneybox.Web.Api.csproj", "{20A156BF-9059-4879-AB40-C5355B53C892}"
EndProject
Project("{2150E333-8FDC-42A3-9474-1A3956D46DE8}") = "Domain", "Domain", "{E0EFF014-638F-45F2-945D-CA3880A62390}"
EndProject
Project("{FAE04EC0-301F-11D3-BF4B-00C04F79EFBC}") = "Moneybox.Transactions.Service", "Moneybox.Transactions.Service\Moneybox.Transactions.Service.csproj", "{07ACBE79-AEDB-4306-BBE2-001E75756C7D}"
EndProject
Project("{FAE04EC0-301F-11D3-BF4B-00C04F79EFBC}") = "Moneybox.Transactions", "Moneybox.Transactions\Moneybox.Transactions.csproj", "{1EB4AC38-2437-4252-80B6-1C7F84B52478}"
EndProject
Project("{FAE04EC0-301F-11D3-BF4B-00C04F79EFBC}") = "Moneybox.Transactions.Data", "Moneybox.Transactions.Data\Moneybox.Transactions.Data.csproj", "{94ED211E-3D4A-46A7-B849-18B72A6C48D5}"
EndProject
Project("{FAE04EC0-301F-11D3-BF4B-00C04F79EFBC}") = "Moneybox.Web.Api.Tests", "Moneybox.Web.Api.Tests\Moneybox.Web.Api.Tests.csproj", "{C00F3220-12C9-4F0D-9BB6-801CA2630762}"
EndProject
Project("{2150E333-8FDC-42A3-9474-1A3956D46DE8}") = "Tests", "Tests", "{FCCF50C9-43C3-4C86-BE33-55059CDB50F9}"
EndProject
Global
	GlobalSection(SolutionConfigurationPlatforms) = preSolution
		Debug|Any CPU = Debug|Any CPU
		Release|Any CPU = Release|Any CPU
	EndGlobalSection
	GlobalSection(ProjectConfigurationPlatforms) = postSolution
		{20A156BF-9059-4879-AB40-C5355B53C892}.Debug|Any CPU.ActiveCfg = Debug|Any CPU
		{20A156BF-9059-4879-AB40-C5355B53C892}.Debug|Any CPU.Build.0 = Debug|Any CPU
		{20A156BF-9059-4879-AB40-C5355B53C892}.Release|Any CPU.ActiveCfg = Release|Any CPU
		{20A156BF-9059-4879-AB40-C5355B53C892}.Release|Any CPU.Build.0 = Release|Any CPU
		{07ACBE79-AEDB-4306-BBE2-001E75756C7D}.Debug|Any CPU.ActiveCfg = Debug|Any CPU
		{07ACBE79-AEDB-4306-BBE2-001E75756C7D}.Debug|Any CPU.Build.0 = Debug|Any CPU
		{07ACBE79-AEDB-4306-BBE2-001E75756C7D}.Release|Any CPU.ActiveCfg = Release|Any CPU
		{07ACBE79-AEDB-4306-BBE2-001E75756C7D}.Release|Any CPU.Build.0 = Release|Any CPU
		{1EB4AC38-2437-4252-80B6-1C7F84B52478}.Debug|Any CPU.ActiveCfg = Debug|Any CPU
		{1EB4AC38-2437-4252-80B6-1C7F84B52478}.Debug|Any CPU.Build.0 = Debug|Any CPU
		{1EB4AC38-2437-4252-80B6-1C7F84B52478}.Release|Any CPU.ActiveCfg = Release|Any CPU
		{1EB4AC38-2437-4252-80B6-1C7F84B52478}.Release|Any CPU.Build.0 = Release|Any CPU
		{94ED211E-3D4A-46A7-B849-18B72A6C48D5}.Debug|Any CPU.ActiveCfg = Debug|Any CPU
		{94ED211E-3D4A-46A7-B849-18B72A6C48D5}.Debug|Any CPU.Build.0 = Debug|Any CPU
		{94ED211E-3D4A-46A7-B849-18B72A6C48D5}.Release|Any CPU.ActiveCfg = Release|Any CPU
		{94ED211E-3D4A-46A7-B849-18B72A6C48D5}.Release|Any CPU.Build.0 = Release|Any CPU
		{C00F3220-12C9-4F0D-9BB6-801CA2630762}.Debug|Any CPU.ActiveCfg = Debug|Any CPU
		{C00F3220-12C9-4F0D-9BB6-801CA2630762}.Debug|Any CPU.Build.0 = Debug|Any CPU
		{C00F3220-12C9-4F0D-9BB6-801CA2630762}.Release|Any CPU.ActiveCfg = Release|Any CPU
		{C00F3220-12C9-4F0D-9BB6-801CA2630762}.Release|Any CPU.Build.0 = Release|Any CPU
	EndGlobalSection
	GlobalSection(SolutionProperties) = preSolution
		HideSolutionNode = FALSE
	EndGlobalSection
	GlobalSection(NestedProjects) = preSolution
		{07ACBE79-AEDB-4306-BBE2-001E75756C7D} = {E0EFF014-638F-45F2-945D-CA3880A62390}
		{1EB4AC38-2437-4252-80B6-1C7F84B52478} = {E0EFF014-638F-45F2-945D-CA3880A62390}
		{94ED211E-3D4A-46A7-B849-18B72A6C48D5} = {E0EFF014-638F-45F2-945D-CA3880A62390}
		{C00F3220-12C9-4F0D-9BB6-801CA2630762} = {FCCF50C9-43C3-4C86-BE33-55059CDB50F9}
	EndGlobalSection
EndGlobal
